// !$*UTF8*$!
{
	archiveVersion = 1;
	classes = {
	};
	objectVersion = 50;
	objects = {

/* Begin PBXBuildFile section */
		AA44D423239F2A7A00875D47 /* AppDelegate.swift in Sources */ = {isa = PBXBuildFile; fileRef = AA44D422239F2A7A00875D47 /* AppDelegate.swift */; };
		AA44D425239F2A7A00875D47 /* SceneDelegate.swift in Sources */ = {isa = PBXBuildFile; fileRef = AA44D424239F2A7A00875D47 /* SceneDelegate.swift */; };
		AA44D427239F2A7A00875D47 /* MasterViewController.swift in Sources */ = {isa = PBXBuildFile; fileRef = AA44D426239F2A7A00875D47 /* MasterViewController.swift */; };
		AA44D429239F2A7A00875D47 /* DetailViewController.swift in Sources */ = {isa = PBXBuildFile; fileRef = AA44D428239F2A7A00875D47 /* DetailViewController.swift */; };
		AA44D42C239F2A7A00875D47 /* Main.storyboard in Resources */ = {isa = PBXBuildFile; fileRef = AA44D42A239F2A7A00875D47 /* Main.storyboard */; };
		AA44D42E239F2A7E00875D47 /* Assets.xcassets in Resources */ = {isa = PBXBuildFile; fileRef = AA44D42D239F2A7E00875D47 /* Assets.xcassets */; };
		AA44D431239F2A7E00875D47 /* LaunchScreen.storyboard in Resources */ = {isa = PBXBuildFile; fileRef = AA44D42F239F2A7E00875D47 /* LaunchScreen.storyboard */; };
		AA44D43C239F2A7E00875D47 /* FlickrSearchTests.swift in Sources */ = {isa = PBXBuildFile; fileRef = AA44D43B239F2A7E00875D47 /* FlickrSearchTests.swift */; };
		AA44D447239F2A7E00875D47 /* FlickrSearchUITests.swift in Sources */ = {isa = PBXBuildFile; fileRef = AA44D446239F2A7E00875D47 /* FlickrSearchUITests.swift */; };
/* End PBXBuildFile section */

/* Begin PBXContainerItemProxy section */
		AA44D438239F2A7E00875D47 /* PBXContainerItemProxy */ = {
			isa = PBXContainerItemProxy;
			containerPortal = AA44D417239F2A7A00875D47 /* Project object */;
			proxyType = 1;
			remoteGlobalIDString = AA44D41E239F2A7A00875D47;
			remoteInfo = FlickrSearch;
		};
		AA44D443239F2A7E00875D47 /* PBXContainerItemProxy */ = {
			isa = PBXContainerItemProxy;
			containerPortal = AA44D417239F2A7A00875D47 /* Project object */;
			proxyType = 1;
			remoteGlobalIDString = AA44D41E239F2A7A00875D47;
			remoteInfo = FlickrSearch;
		};
/* End PBXContainerItemProxy section */

/* Begin PBXFileReference section */
		AA44D41F239F2A7A00875D47 /* FlickrSearch.app */ = {isa = PBXFileReference; explicitFileType = wrapper.application; includeInIndex = 0; path = FlickrSearch.app; sourceTree = BUILT_PRODUCTS_DIR; };
		AA44D422239F2A7A00875D47 /* AppDelegate.swift */ = {isa = PBXFileReference; lastKnownFileType = sourcecode.swift; path = AppDelegate.swift; sourceTree = "<group>"; };
		AA44D424239F2A7A00875D47 /* SceneDelegate.swift */ = {isa = PBXFileReference; lastKnownFileType = sourcecode.swift; path = SceneDelegate.swift; sourceTree = "<group>"; };
		AA44D426239F2A7A00875D47 /* MasterViewController.swift */ = {isa = PBXFileReference; lastKnownFileType = sourcecode.swift; path = MasterViewController.swift; sourceTree = "<group>"; };
		AA44D428239F2A7A00875D47 /* DetailViewController.swift */ = {isa = PBXFileReference; lastKnownFileType = sourcecode.swift; path = DetailViewController.swift; sourceTree = "<group>"; };
		AA44D42B239F2A7A00875D47 /* Base */ = {isa = PBXFileReference; lastKnownFileType = file.storyboard; name = Base; path = Base.lproj/Main.storyboard; sourceTree = "<group>"; };
		AA44D42D239F2A7E00875D47 /* Assets.xcassets */ = {isa = PBXFileReference; lastKnownFileType = folder.assetcatalog; path = Assets.xcassets; sourceTree = "<group>"; };
		AA44D430239F2A7E00875D47 /* Base */ = {isa = PBXFileReference; lastKnownFileType = file.storyboard; name = Base; path = Base.lproj/LaunchScreen.storyboard; sourceTree = "<group>"; };
		AA44D432239F2A7E00875D47 /* Info.plist */ = {isa = PBXFileReference; lastKnownFileType = text.plist.xml; path = Info.plist; sourceTree = "<group>"; };
		AA44D437239F2A7E00875D47 /* FlickrSearchTests.xctest */ = {isa = PBXFileReference; explicitFileType = wrapper.cfbundle; includeInIndex = 0; path = FlickrSearchTests.xctest; sourceTree = BUILT_PRODUCTS_DIR; };
		AA44D43B239F2A7E00875D47 /* FlickrSearchTests.swift */ = {isa = PBXFileReference; lastKnownFileType = sourcecode.swift; path = FlickrSearchTests.swift; sourceTree = "<group>"; };
		AA44D43D239F2A7E00875D47 /* Info.plist */ = {isa = PBXFileReference; lastKnownFileType = text.plist.xml; path = Info.plist; sourceTree = "<group>"; };
		AA44D442239F2A7E00875D47 /* FlickrSearchUITests.xctest */ = {isa = PBXFileReference; explicitFileType = wrapper.cfbundle; includeInIndex = 0; path = FlickrSearchUITests.xctest; sourceTree = BUILT_PRODUCTS_DIR; };
		AA44D446239F2A7E00875D47 /* FlickrSearchUITests.swift */ = {isa = PBXFileReference; lastKnownFileType = sourcecode.swift; path = FlickrSearchUITests.swift; sourceTree = "<group>"; };
		AA44D448239F2A7E00875D47 /* Info.plist */ = {isa = PBXFileReference; lastKnownFileType = text.plist.xml; path = Info.plist; sourceTree = "<group>"; };
		AA44D454239F2AAB00875D47 /* README.md */ = {isa = PBXFileReference; lastKnownFileType = net.daringfireball.markdown; path = README.md; sourceTree = "<group>"; };
/* End PBXFileReference section */

/* Begin PBXFrameworksBuildPhase section */
		AA44D41C239F2A7A00875D47 /* Frameworks */ = {
			isa = PBXFrameworksBuildPhase;
			buildActionMask = 2147483647;
			files = (
			);
			runOnlyForDeploymentPostprocessing = 0;
		};
		AA44D434239F2A7E00875D47 /* Frameworks */ = {
			isa = PBXFrameworksBuildPhase;
			buildActionMask = 2147483647;
			files = (
			);
			runOnlyForDeploymentPostprocessing = 0;
		};
		AA44D43F239F2A7E00875D47 /* Frameworks */ = {
			isa = PBXFrameworksBuildPhase;
			buildActionMask = 2147483647;
			files = (
			);
			runOnlyForDeploymentPostprocessing = 0;
		};
/* End PBXFrameworksBuildPhase section */

/* Begin PBXGroup section */
		AA44D416239F2A7A00875D47 = {
			isa = PBXGroup;
			children = (
				AA44D454239F2AAB00875D47 /* README.md */,
				AA44D421239F2A7A00875D47 /* FlickrSearch */,
				AA44D43A239F2A7E00875D47 /* FlickrSearchTests */,
				AA44D445239F2A7E00875D47 /* FlickrSearchUITests */,
				AA44D420239F2A7A00875D47 /* Products */,
			);
			sourceTree = "<group>";
		};
		AA44D420239F2A7A00875D47 /* Products */ = {
			isa = PBXGroup;
			children = (
				AA44D41F239F2A7A00875D47 /* FlickrSearch.app */,
				AA44D437239F2A7E00875D47 /* FlickrSearchTests.xctest */,
				AA44D442239F2A7E00875D47 /* FlickrSearchUITests.xctest */,
			);
			name = Products;
			sourceTree = "<group>";
		};
		AA44D421239F2A7A00875D47 /* FlickrSearch */ = {
			isa = PBXGroup;
			children = (
				AA44D422239F2A7A00875D47 /* AppDelegate.swift */,
				AA44D424239F2A7A00875D47 /* SceneDelegate.swift */,
				AA44D426239F2A7A00875D47 /* MasterViewController.swift */,
				AA44D428239F2A7A00875D47 /* DetailViewController.swift */,
				AA44D42A239F2A7A00875D47 /* Main.storyboard */,
				AA44D42D239F2A7E00875D47 /* Assets.xcassets */,
				AA44D42F239F2A7E00875D47 /* LaunchScreen.storyboard */,
				AA44D432239F2A7E00875D47 /* Info.plist */,
			);
			path = FlickrSearch;
			sourceTree = "<group>";
		};
		AA44D43A239F2A7E00875D47 /* FlickrSearchTests */ = {
			isa = PBXGroup;
			children = (
				AA44D43B239F2A7E00875D47 /* FlickrSearchTests.swift */,
				AA44D43D239F2A7E00875D47 /* Info.plist */,
			);
			path = FlickrSearchTests;
			sourceTree = "<group>";
		};
		AA44D445239F2A7E00875D47 /* FlickrSearchUITests */ = {
			isa = PBXGroup;
			children = (
				AA44D446239F2A7E00875D47 /* FlickrSearchUITests.swift */,
				AA44D448239F2A7E00875D47 /* Info.plist */,
			);
			path = FlickrSearchUITests;
			sourceTree = "<group>";
		};
/* End PBXGroup section */

/* Begin PBXNativeTarget section */
		AA44D41E239F2A7A00875D47 /* FlickrSearch */ = {
			isa = PBXNativeTarget;
			buildConfigurationList = AA44D44B239F2A7E00875D47 /* Build configuration list for PBXNativeTarget "FlickrSearch" */;
			buildPhases = (
				AA44D41B239F2A7A00875D47 /* Sources */,
				AA44D41C239F2A7A00875D47 /* Frameworks */,
				AA44D41D239F2A7A00875D47 /* Resources */,
			);
			buildRules = (
			);
			dependencies = (
			);
			name = FlickrSearch;
			productName = FlickrSearch;
			productReference = AA44D41F239F2A7A00875D47 /* FlickrSearch.app */;
			productType = "com.apple.product-type.application";
		};
		AA44D436239F2A7E00875D47 /* FlickrSearchTests */ = {
			isa = PBXNativeTarget;
			buildConfigurationList = AA44D44E239F2A7E00875D47 /* Build configuration list for PBXNativeTarget "FlickrSearchTests" */;
			buildPhases = (
				AA44D433239F2A7E00875D47 /* Sources */,
				AA44D434239F2A7E00875D47 /* Frameworks */,
				AA44D435239F2A7E00875D47 /* Resources */,
			);
			buildRules = (
			);
			dependencies = (
				AA44D439239F2A7E00875D47 /* PBXTargetDependency */,
			);
			name = FlickrSearchTests;
			productName = FlickrSearchTests;
			productReference = AA44D437239F2A7E00875D47 /* FlickrSearchTests.xctest */;
			productType = "com.apple.product-type.bundle.unit-test";
		};
		AA44D441239F2A7E00875D47 /* FlickrSearchUITests */ = {
			isa = PBXNativeTarget;
			buildConfigurationList = AA44D451239F2A7E00875D47 /* Build configuration list for PBXNativeTarget "FlickrSearchUITests" */;
			buildPhases = (
				AA44D43E239F2A7E00875D47 /* Sources */,
				AA44D43F239F2A7E00875D47 /* Frameworks */,
				AA44D440239F2A7E00875D47 /* Resources */,
			);
			buildRules = (
			);
			dependencies = (
				AA44D444239F2A7E00875D47 /* PBXTargetDependency */,
			);
			name = FlickrSearchUITests;
			productName = FlickrSearchUITests;
			productReference = AA44D442239F2A7E00875D47 /* FlickrSearchUITests.xctest */;
			productType = "com.apple.product-type.bundle.ui-testing";
		};
/* End PBXNativeTarget section */

/* Begin PBXProject section */
		AA44D417239F2A7A00875D47 /* Project object */ = {
			isa = PBXProject;
			attributes = {
				LastSwiftUpdateCheck = 1120;
				LastUpgradeCheck = 1120;
				ORGANIZATIONNAME = "Eric Blair";
				TargetAttributes = {
					AA44D41E239F2A7A00875D47 = {
						CreatedOnToolsVersion = 11.2.1;
					};
					AA44D436239F2A7E00875D47 = {
						CreatedOnToolsVersion = 11.2.1;
						TestTargetID = AA44D41E239F2A7A00875D47;
					};
					AA44D441239F2A7E00875D47 = {
						CreatedOnToolsVersion = 11.2.1;
						TestTargetID = AA44D41E239F2A7A00875D47;
					};
				};
			};
			buildConfigurationList = AA44D41A239F2A7A00875D47 /* Build configuration list for PBXProject "FlickrSearch" */;
			compatibilityVersion = "Xcode 9.3";
			developmentRegion = en;
			hasScannedForEncodings = 0;
			knownRegions = (
				en,
				Base,
			);
			mainGroup = AA44D416239F2A7A00875D47;
			productRefGroup = AA44D420239F2A7A00875D47 /* Products */;
			projectDirPath = "";
			projectRoot = "";
			targets = (
				AA44D41E239F2A7A00875D47 /* FlickrSearch */,
				AA44D436239F2A7E00875D47 /* FlickrSearchTests */,
				AA44D441239F2A7E00875D47 /* FlickrSearchUITests */,
			);
		};
/* End PBXProject section */

/* Begin PBXResourcesBuildPhase section */
		AA44D41D239F2A7A00875D47 /* Resources */ = {
			isa = PBXResourcesBuildPhase;
			buildActionMask = 2147483647;
			files = (
				AA44D431239F2A7E00875D47 /* LaunchScreen.storyboard in Resources */,
				AA44D42E239F2A7E00875D47 /* Assets.xcassets in Resources */,
				AA44D42C239F2A7A00875D47 /* Main.storyboard in Resources */,
			);
			runOnlyForDeploymentPostprocessing = 0;
		};
		AA44D435239F2A7E00875D47 /* Resources */ = {
			isa = PBXResourcesBuildPhase;
			buildActionMask = 2147483647;
			files = (
			);
			runOnlyForDeploymentPostprocessing = 0;
		};
		AA44D440239F2A7E00875D47 /* Resources */ = {
			isa = PBXResourcesBuildPhase;
			buildActionMask = 2147483647;
			files = (
			);
			runOnlyForDeploymentPostprocessing = 0;
		};
/* End PBXResourcesBuildPhase section */

/* Begin PBXSourcesBuildPhase section */
		AA44D41B239F2A7A00875D47 /* Sources */ = {
			isa = PBXSourcesBuildPhase;
			buildActionMask = 2147483647;
			files = (
				AA44D423239F2A7A00875D47 /* AppDelegate.swift in Sources */,
				AA44D425239F2A7A00875D47 /* SceneDelegate.swift in Sources */,
				AA44D427239F2A7A00875D47 /* MasterViewController.swift in Sources */,
				AA44D429239F2A7A00875D47 /* DetailViewController.swift in Sources */,
			);
			runOnlyForDeploymentPostprocessing = 0;
		};
		AA44D433239F2A7E00875D47 /* Sources */ = {
			isa = PBXSourcesBuildPhase;
			buildActionMask = 2147483647;
			files = (
				AA44D43C239F2A7E00875D47 /* FlickrSearchTests.swift in Sources */,
			);
			runOnlyForDeploymentPostprocessing = 0;
		};
		AA44D43E239F2A7E00875D47 /* Sources */ = {
			isa = PBXSourcesBuildPhase;
			buildActionMask = 2147483647;
			files = (
				AA44D447239F2A7E00875D47 /* FlickrSearchUITests.swift in Sources */,
			);
			runOnlyForDeploymentPostprocessing = 0;
		};
/* End PBXSourcesBuildPhase section */

/* Begin PBXTargetDependency section */
		AA44D439239F2A7E00875D47 /* PBXTargetDependency */ = {
			isa = PBXTargetDependency;
			target = AA44D41E239F2A7A00875D47 /* FlickrSearch */;
			targetProxy = AA44D438239F2A7E00875D47 /* PBXContainerItemProxy */;
		};
		AA44D444239F2A7E00875D47 /* PBXTargetDependency */ = {
			isa = PBXTargetDependency;
			target = AA44D41E239F2A7A00875D47 /* FlickrSearch */;
			targetProxy = AA44D443239F2A7E00875D47 /* PBXContainerItemProxy */;
		};
/* End PBXTargetDependency section */

/* Begin PBXVariantGroup section */
		AA44D42A239F2A7A00875D47 /* Main.storyboard */ = {
			isa = PBXVariantGroup;
			children = (
				AA44D42B239F2A7A00875D47 /* Base */,
			);
			name = Main.storyboard;
			sourceTree = "<group>";
		};
		AA44D42F239F2A7E00875D47 /* LaunchScreen.storyboard */ = {
			isa = PBXVariantGroup;
			children = (
				AA44D430239F2A7E00875D47 /* Base */,
			);
			name = LaunchScreen.storyboard;
			sourceTree = "<group>";
		};
/* End PBXVariantGroup section */

/* Begin XCBuildConfiguration section */
		AA44D449239F2A7E00875D47 /* Debug */ = {
			isa = XCBuildConfiguration;
			buildSettings = {
				ALWAYS_SEARCH_USER_PATHS = NO;
				CLANG_ANALYZER_NONNULL = YES;
				CLANG_ANALYZER_NUMBER_OBJECT_CONVERSION = YES_AGGRESSIVE;
				CLANG_CXX_LANGUAGE_STANDARD = "gnu++14";
				CLANG_CXX_LIBRARY = "libc++";
				CLANG_ENABLE_MODULES = YES;
				CLANG_ENABLE_OBJC_ARC = YES;
				CLANG_ENABLE_OBJC_WEAK = YES;
				CLANG_WARN_BLOCK_CAPTURE_AUTORELEASING = YES;
				CLANG_WARN_BOOL_CONVERSION = YES;
				CLANG_WARN_COMMA = YES;
				CLANG_WARN_CONSTANT_CONVERSION = YES;
				CLANG_WARN_DEPRECATED_OBJC_IMPLEMENTATIONS = YES;
				CLANG_WARN_DIRECT_OBJC_ISA_USAGE = YES_ERROR;
				CLANG_WARN_DOCUMENTATION_COMMENTS = YES;
				CLANG_WARN_EMPTY_BODY = YES;
				CLANG_WARN_ENUM_CONVERSION = YES;
				CLANG_WARN_INFINITE_RECURSION = YES;
				CLANG_WARN_INT_CONVERSION = YES;
				CLANG_WARN_NON_LITERAL_NULL_CONVERSION = YES;
				CLANG_WARN_OBJC_IMPLICIT_RETAIN_SELF = YES;
				CLANG_WARN_OBJC_LITERAL_CONVERSION = YES;
				CLANG_WARN_OBJC_ROOT_CLASS = YES_ERROR;
				CLANG_WARN_RANGE_LOOP_ANALYSIS = YES;
				CLANG_WARN_STRICT_PROTOTYPES = YES;
				CLANG_WARN_SUSPICIOUS_MOVE = YES;
				CLANG_WARN_UNGUARDED_AVAILABILITY = YES_AGGRESSIVE;
				CLANG_WARN_UNREACHABLE_CODE = YES;
				CLANG_WARN__DUPLICATE_METHOD_MATCH = YES;
				COPY_PHASE_STRIP = NO;
				DEBUG_INFORMATION_FORMAT = dwarf;
				ENABLE_STRICT_OBJC_MSGSEND = YES;
				ENABLE_TESTABILITY = YES;
				GCC_C_LANGUAGE_STANDARD = gnu11;
				GCC_DYNAMIC_NO_PIC = NO;
				GCC_NO_COMMON_BLOCKS = YES;
				GCC_OPTIMIZATION_LEVEL = 0;
				GCC_PREPROCESSOR_DEFINITIONS = (
					"DEBUG=1",
					"$(inherited)",
				);
				GCC_WARN_64_TO_32_BIT_CONVERSION = YES;
				GCC_WARN_ABOUT_RETURN_TYPE = YES_ERROR;
				GCC_WARN_UNDECLARED_SELECTOR = YES;
				GCC_WARN_UNINITIALIZED_AUTOS = YES_AGGRESSIVE;
				GCC_WARN_UNUSED_FUNCTION = YES;
				GCC_WARN_UNUSED_VARIABLE = YES;
				IPHONEOS_DEPLOYMENT_TARGET = 13.2;
				MTL_ENABLE_DEBUG_INFO = INCLUDE_SOURCE;
				MTL_FAST_MATH = YES;
				ONLY_ACTIVE_ARCH = YES;
				SDKROOT = iphoneos;
				SWIFT_ACTIVE_COMPILATION_CONDITIONS = DEBUG;
				SWIFT_OPTIMIZATION_LEVEL = "-Onone";
			};
			name = Debug;
		};
		AA44D44A239F2A7E00875D47 /* Release */ = {
			isa = XCBuildConfiguration;
			buildSettings = {
				ALWAYS_SEARCH_USER_PATHS = NO;
				CLANG_ANALYZER_NONNULL = YES;
				CLANG_ANALYZER_NUMBER_OBJECT_CONVERSION = YES_AGGRESSIVE;
				CLANG_CXX_LANGUAGE_STANDARD = "gnu++14";
				CLANG_CXX_LIBRARY = "libc++";
				CLANG_ENABLE_MODULES = YES;
				CLANG_ENABLE_OBJC_ARC = YES;
				CLANG_ENABLE_OBJC_WEAK = YES;
				CLANG_WARN_BLOCK_CAPTURE_AUTORELEASING = YES;
				CLANG_WARN_BOOL_CONVERSION = YES;
				CLANG_WARN_COMMA = YES;
				CLANG_WARN_CONSTANT_CONVERSION = YES;
				CLANG_WARN_DEPRECATED_OBJC_IMPLEMENTATIONS = YES;
				CLANG_WARN_DIRECT_OBJC_ISA_USAGE = YES_ERROR;
				CLANG_WARN_DOCUMENTATION_COMMENTS = YES;
				CLANG_WARN_EMPTY_BODY = YES;
				CLANG_WARN_ENUM_CONVERSION = YES;
				CLANG_WARN_INFINITE_RECURSION = YES;
				CLANG_WARN_INT_CONVERSION = YES;
				CLANG_WARN_NON_LITERAL_NULL_CONVERSION = YES;
				CLANG_WARN_OBJC_IMPLICIT_RETAIN_SELF = YES;
				CLANG_WARN_OBJC_LITERAL_CONVERSION = YES;
				CLANG_WARN_OBJC_ROOT_CLASS = YES_ERROR;
				CLANG_WARN_RANGE_LOOP_ANALYSIS = YES;
				CLANG_WARN_STRICT_PROTOTYPES = YES;
				CLANG_WARN_SUSPICIOUS_MOVE = YES;
				CLANG_WARN_UNGUARDED_AVAILABILITY = YES_AGGRESSIVE;
				CLANG_WARN_UNREACHABLE_CODE = YES;
				CLANG_WARN__DUPLICATE_METHOD_MATCH = YES;
				COPY_PHASE_STRIP = NO;
				DEBUG_INFORMATION_FORMAT = "dwarf-with-dsym";
				ENABLE_NS_ASSERTIONS = NO;
				ENABLE_STRICT_OBJC_MSGSEND = YES;
				GCC_C_LANGUAGE_STANDARD = gnu11;
				GCC_NO_COMMON_BLOCKS = YES;
				GCC_WARN_64_TO_32_BIT_CONVERSION = YES;
				GCC_WARN_ABOUT_RETURN_TYPE = YES_ERROR;
				GCC_WARN_UNDECLARED_SELECTOR = YES;
				GCC_WARN_UNINITIALIZED_AUTOS = YES_AGGRESSIVE;
				GCC_WARN_UNUSED_FUNCTION = YES;
				GCC_WARN_UNUSED_VARIABLE = YES;
				IPHONEOS_DEPLOYMENT_TARGET = 13.2;
				MTL_ENABLE_DEBUG_INFO = NO;
				MTL_FAST_MATH = YES;
				SDKROOT = iphoneos;
				SWIFT_COMPILATION_MODE = wholemodule;
				SWIFT_OPTIMIZATION_LEVEL = "-O";
				VALIDATE_PRODUCT = YES;
			};
			name = Release;
		};
		AA44D44C239F2A7E00875D47 /* Debug */ = {
			isa = XCBuildConfiguration;
			buildSettings = {
				ASSETCATALOG_COMPILER_APPICON_NAME = AppIcon;
				CODE_SIGN_STYLE = Automatic;
				DEVELOPMENT_TEAM = LECQW6GETQ;
				INFOPLIST_FILE = FlickrSearch/Info.plist;
				LD_RUNPATH_SEARCH_PATHS = (
					"$(inherited)",
					"@executable_path/Frameworks",
				);
				PRODUCT_BUNDLE_IDENTIFIER = co.room45.FlickrSearch;
				PRODUCT_NAME = "$(TARGET_NAME)";
				SWIFT_VERSION = 5.0;
				TARGETED_DEVICE_FAMILY = "1,2";
			};
			name = Debug;
		};
		AA44D44D239F2A7E00875D47 /* Release */ = {
			isa = XCBuildConfiguration;
			buildSettings = {
				ASSETCATALOG_COMPILER_APPICON_NAME = AppIcon;
				CODE_SIGN_STYLE = Automatic;
				DEVELOPMENT_TEAM = LECQW6GETQ;
				INFOPLIST_FILE = FlickrSearch/Info.plist;
				LD_RUNPATH_SEARCH_PATHS = (
					"$(inherited)",
					"@executable_path/Frameworks",
				);
				PRODUCT_BUNDLE_IDENTIFIER = co.room45.FlickrSearch;
				PRODUCT_NAME = "$(TARGET_NAME)";
				SWIFT_VERSION = 5.0;
				TARGETED_DEVICE_FAMILY = "1,2";
			};
			name = Release;
		};
		AA44D44F239F2A7E00875D47 /* Debug */ = {
			isa = XCBuildConfiguration;
			buildSettings = {
				ALWAYS_EMBED_SWIFT_STANDARD_LIBRARIES = YES;
				BUNDLE_LOADER = "$(TEST_HOST)";
				CODE_SIGN_STYLE = Automatic;
				DEVELOPMENT_TEAM = LECQW6GETQ;
				INFOPLIST_FILE = FlickrSearchTests/Info.plist;
				IPHONEOS_DEPLOYMENT_TARGET = 13.2;
				LD_RUNPATH_SEARCH_PATHS = (
					"$(inherited)",
					"@executable_path/Frameworks",
					"@loader_path/Frameworks",
				);
				PRODUCT_BUNDLE_IDENTIFIER = co.room45.FlickrSearchTests;
				PRODUCT_NAME = "$(TARGET_NAME)";
				SWIFT_VERSION = 5.0;
				TARGETED_DEVICE_FAMILY = "1,2";
				TEST_HOST = "$(BUILT_PRODUCTS_DIR)/FlickrSearch.app/FlickrSearch";
			};
			name = Debug;
		};
		AA44D450239F2A7E00875D47 /* Release */ = {
			isa = XCBuildConfiguration;
			buildSettings = {
				ALWAYS_EMBED_SWIFT_STANDARD_LIBRARIES = YES;
				BUNDLE_LOADER = "$(TEST_HOST)";
				CODE_SIGN_STYLE = Automatic;
				DEVELOPMENT_TEAM = LECQW6GETQ;
				INFOPLIST_FILE = FlickrSearchTests/Info.plist;
				IPHONEOS_DEPLOYMENT_TARGET = 13.2;
				LD_RUNPATH_SEARCH_PATHS = (
					"$(inherited)",
					"@executable_path/Frameworks",
					"@loader_path/Frameworks",
				);
				PRODUCT_BUNDLE_IDENTIFIER = co.room45.FlickrSearchTests;
				PRODUCT_NAME = "$(TARGET_NAME)";
				SWIFT_VERSION = 5.0;
				TARGETED_DEVICE_FAMILY = "1,2";
				TEST_HOST = "$(BUILT_PRODUCTS_DIR)/FlickrSearch.app/FlickrSearch";
			};
			name = Release;
		};
		AA44D452239F2A7E00875D47 /* Debug */ = {
			isa = XCBuildConfiguration;
			buildSettings = {
				ALWAYS_EMBED_SWIFT_STANDARD_LIBRARIES = YES;
				CODE_SIGN_STYLE = Automatic;
				DEVELOPMENT_TEAM = LECQW6GETQ;
				INFOPLIST_FILE = FlickrSearchUITests/Info.plist;
				LD_RUNPATH_SEARCH_PATHS = (
					"$(inherited)",
					"@executable_path/Frameworks",
					"@loader_path/Frameworks",
				);
				PRODUCT_BUNDLE_IDENTIFIER = co.room45.FlickrSearchUITests;
				PRODUCT_NAME = "$(TARGET_NAME)";
				SWIFT_VERSION = 5.0;
				TARGETED_DEVICE_FAMILY = "1,2";
				TEST_TARGET_NAME = FlickrSearch;
			};
			name = Debug;
		};
		AA44D453239F2A7E00875D47 /* Release */ = {
			isa = XCBuildConfiguration;
			buildSettings = {
				ALWAYS_EMBED_SWIFT_STANDARD_LIBRARIES = YES;
				CODE_SIGN_STYLE = Automatic;
				DEVELOPMENT_TEAM = LECQW6GETQ;
				INFOPLIST_FILE = FlickrSearchUITests/Info.plist;
				LD_RUNPATH_SEARCH_PATHS = (
					"$(inherited)",
					"@executable_path/Frameworks",
					"@loader_path/Frameworks",
				);
				PRODUCT_BUNDLE_IDENTIFIER = co.room45.FlickrSearchUITests;
				PRODUCT_NAME = "$(TARGET_NAME)";
				SWIFT_VERSION = 5.0;
				TARGETED_DEVICE_FAMILY = "1,2";
				TEST_TARGET_NAME = FlickrSearch;
			};
			name = Release;
		};
/* End XCBuildConfiguration section */

/* Begin XCConfigurationList section */
		AA44D41A239F2A7A00875D47 /* Build configuration list for PBXProject "FlickrSearch" */ = {
			isa = XCConfigurationList;
			buildConfigurations = (
				AA44D449239F2A7E00875D47 /* Debug */,
				AA44D44A239F2A7E00875D47 /* Release */,
			);
			defaultConfigurationIsVisible = 0;
			defaultConfigurationName = Release;
		};
		AA44D44B239F2A7E00875D47 /* Build configuration list for PBXNativeTarget "FlickrSearch" */ = {
			isa = XCConfigurationList;
			buildConfigurations = (
				AA44D44C239F2A7E00875D47 /* Debug */,
				AA44D44D239F2A7E00875D47 /* Release */,
			);
			defaultConfigurationIsVisible = 0;
			defaultConfigurationName = Release;
		};
		AA44D44E239F2A7E00875D47 /* Build configuration list for PBXNativeTarget "FlickrSearchTests" */ = {
			isa = XCConfigurationList;
			buildConfigurations = (
				AA44D44F239F2A7E00875D47 /* Debug */,
				AA44D450239F2A7E00875D47 /* Release */,
			);
			defaultConfigurationIsVisible = 0;
			defaultConfigurationName = Release;
		};
		AA44D451239F2A7E00875D47 /* Build configuration list for PBXNativeTarget "FlickrSearchUITests" */ = {
			isa = XCConfigurationList;
			buildConfigurations = (
				AA44D452239F2A7E00875D47 /* Debug */,
				AA44D453239F2A7E00875D47 /* Release */,
			);
			defaultConfigurationIsVisible = 0;
			defaultConfigurationName = Release;
		};
/* End XCConfigurationList section */
	};
	rootObject = AA44D417239F2A7A00875D47 /* Project object */;
}
